
Microsoft Visual Studio Solution File, Format Version 12.00
# Visual Studio Version 17
VisualStudioVersion = 17.13.35913.81 d17.13
MinimumVisualStudioVersion = 10.0.40219.1
Project("{FAE04EC0-301F-11D3-BF4B-00C04F79EFBC}") = "zad 1", "zad 1\zad 1.csproj", "{FB0087E1-F3C8-42AE-9795-BF45BE0E564D}"
EndProject
Project("{FAE04EC0-301F-11D3-BF4B-00C04F79EFBC}") = "zad 2", "zad 2\zad 2.csproj", "{8D2A751E-7215-4E8E-8B27-4E69E78ECDF2}"
EndProject
Project("{FAE04EC0-301F-11D3-BF4B-00C04F79EFBC}") = "zad 3", "zad 3\zad 3.csproj", "{802D03E0-4576-4890-A1BD-52AC0B95EF42}"
EndProject
Global
	GlobalSection(SolutionConfigurationPlatforms) = preSolution
		Debug|Any CPU = Debug|Any CPU
		Release|Any CPU = Release|Any CPU
	EndGlobalSection
	GlobalSection(ProjectConfigurationPlatforms) = postSolution
		{FB0087E1-F3C8-42AE-9795-BF45BE0E564D}.Debug|Any CPU.ActiveCfg = Debug|Any CPU
		{FB0087E1-F3C8-42AE-9795-BF45BE0E564D}.Debug|Any CPU.Build.0 = Debug|Any CPU
		{FB0087E1-F3C8-42AE-9795-BF45BE0E564D}.Release|Any CPU.ActiveCfg = Release|Any CPU
		{FB0087E1-F3C8-42AE-9795-BF45BE0E564D}.Release|Any CPU.Build.0 = Release|Any CPU
		{8D2A751E-7215-4E8E-8B27-4E69E78ECDF2}.Debug|Any CPU.ActiveCfg = Debug|Any CPU
		{8D2A751E-7215-4E8E-8B27-4E69E78ECDF2}.Debug|Any CPU.Build.0 = Debug|Any CPU
		{8D2A751E-7215-4E8E-8B27-4E69E78ECDF2}.Release|Any CPU.ActiveCfg = Release|Any CPU
		{8D2A751E-7215-4E8E-8B27-4E69E78ECDF2}.Release|Any CPU.Build.0 = Release|Any CPU
		{802D03E0-4576-4890-A1BD-52AC0B95EF42}.Debug|Any CPU.ActiveCfg = Debug|Any CPU
		{802D03E0-4576-4890-A1BD-52AC0B95EF42}.Debug|Any CPU.Build.0 = Debug|Any CPU
		{802D03E0-4576-4890-A1BD-52AC0B95EF42}.Release|Any CPU.ActiveCfg = Release|Any CPU
		{802D03E0-4576-4890-A1BD-52AC0B95EF42}.Release|Any CPU.Build.0 = Release|Any CPU
	EndGlobalSection
	GlobalSection(SolutionProperties) = preSolution
		HideSolutionNode = FALSE
	EndGlobalSection
	GlobalSection(ExtensibilityGlobals) = postSolution
		SolutionGuid = {0436B423-7732-49F8-BEDE-A97A41E46E00}
	EndGlobalSection
EndGlobal
